/home/bjarkemp/primatediversity/people/bjarkemp/diversitynrecombination/data/liftover/Daubentonia_madagascariensis/Daubentonia_madagascariensis_lifted.vcf
/home/bjarkemp/primatediversity/people/bjarkemp/diversitynrecombination/data/liftover/Daubentonia_madagascariensis/Daubentonia_madagascariensis_lifted.vcf.unmap
/home/bjarkemp/primatediversity/people/bjarkemp/diversitynrecombination/data/liftover/Daubentonia_madagascariensis/Daubentonia_madagascariensis_lifted.bcf.gz
/home/bjarkemp/primatediversity/people/bjarkemp/diversitynrecombination/data/liftover/Daubentonia_madagascariensis/Daubentonia_madagascariensis_lifted.bcf.unmap.gz
/home/bjarkemp/primatediversity/data/chain_files_15_03_2022/Daubentonia_madagascariensis_To_hg38.liftOver.gz
/home/bjarkemp/primatediversity/data/gVCF_jointCalling_17_05_2021/Daubentonia_madagascariensis/Daubentonia_madagascariensisConcatGtVar.g.vcf.gz
/home/bjarkemp/primatediversity/data/chain_files_15_03_2022/hg38/hg38.fasta
/home/bjarkemp/primatediversity/people/bjarkemp/diversitynrecombination/data/liftover/Daubentonia_madagascariensis/Daubentonia_madagascariensis_lifted.vcf
/home/bjarkemp/primatediversity/people/bjarkemp/diversitynrecombination/data/liftover/Daubentonia_madagascariensis/Daubentonia_madagascariensis_lifted.vcf.unmap
