/home/bjarkemp/primatediversity/people/bjarkemp/diversitynrecombination/data/liftover/Daubentonia_madagascariensis/Daubentonia_madagascariensis_lifted.bcf.gz
/home/bjarkemp/primatediversity/people/bjarkemp/diversitynrecombination/data/liftover/Daubentonia_madagascariensis/Daubentonia_madagascariensis_lifted.bcf.unmap.gz
/home/bjarkemp/primatediversity/people/bjarkemp/diversitynrecombination/data/liftover/Daubentonia_madagascariensis/Daubentonia_madagascariensis_lifted.vcf
/home/bjarkemp/primatediversity/people/bjarkemp/diversitynrecombination/data/liftover/Daubentonia_madagascariensis/Daubentonia_madagascariensis_lifted.vcf.unmap
